
Microsoft Visual Studio Solution File, Format Version 12.00
# Visual Studio 15
VisualStudioVersion = 15.0.27130.2024
MinimumVisualStudioVersion = 10.0.40219.1
Project("{FAE04EC0-301F-11D3-BF4B-00C04F79EFBC}") = "NW", "NW\NW.csproj", "{4BD8C3CF-D597-4474-B776-A8393D644E5B}"
EndProject
Global
	GlobalSection(SolutionConfigurationPlatforms) = preSolution
		Debug|Any CPU = Debug|Any CPU
		Release|Any CPU = Release|Any CPU
	EndGlobalSection
	GlobalSection(ProjectConfigurationPlatforms) = postSolution
		{4BD8C3CF-D597-4474-B776-A8393D644E5B}.Debug|Any CPU.ActiveCfg = Debug|Any CPU
		{4BD8C3CF-D597-4474-B776-A8393D644E5B}.Debug|Any CPU.Build.0 = Debug|Any CPU
		{4BD8C3CF-D597-4474-B776-A8393D644E5B}.Release|Any CPU.ActiveCfg = Release|Any CPU
		{4BD8C3CF-D597-4474-B776-A8393D644E5B}.Release|Any CPU.Build.0 = Release|Any CPU
	EndGlobalSection
	GlobalSection(SolutionProperties) = preSolution
		HideSolutionNode = FALSE
	EndGlobalSection
	GlobalSection(ExtensibilityGlobals) = postSolution
		SolutionGuid = {AF231209-9AD1-4470-A39F-4990DA9A4E13}
	EndGlobalSection
EndGlobal
