
Microsoft Visual Studio Solution File, Format Version 12.00
# Visual Studio 15
VisualStudioVersion = 15.0.27130.2024
MinimumVisualStudioVersion = 10.0.40219.1
Project("{FAE04EC0-301F-11D3-BF4B-00C04F79EFBC}") = "NW.PL", "NW\NW.PL.csproj", "{4BD8C3CF-D597-4474-B776-A8393D644E5B}"
EndProject
Project("{FAE04EC0-301F-11D3-BF4B-00C04F79EFBC}") = "NW.BL", "NW.BL\NW.BL.csproj", "{EEDE7668-0F4B-45F6-8B9D-4A78BE738AA3}"
EndProject
Project("{FAE04EC0-301F-11D3-BF4B-00C04F79EFBC}") = "NW.DAL", "NW.DAL\NW.DAL.csproj", "{8CE8B88E-0E6F-407B-81DE-9BC5A03218D7}"
EndProject
Global
	GlobalSection(SolutionConfigurationPlatforms) = preSolution
		Debug|Any CPU = Debug|Any CPU
		Release|Any CPU = Release|Any CPU
	EndGlobalSection
	GlobalSection(ProjectConfigurationPlatforms) = postSolution
		{4BD8C3CF-D597-4474-B776-A8393D644E5B}.Debug|Any CPU.ActiveCfg = Debug|Any CPU
		{4BD8C3CF-D597-4474-B776-A8393D644E5B}.Debug|Any CPU.Build.0 = Debug|Any CPU
		{4BD8C3CF-D597-4474-B776-A8393D644E5B}.Release|Any CPU.ActiveCfg = Release|Any CPU
		{4BD8C3CF-D597-4474-B776-A8393D644E5B}.Release|Any CPU.Build.0 = Release|Any CPU
		{EEDE7668-0F4B-45F6-8B9D-4A78BE738AA3}.Debug|Any CPU.ActiveCfg = Debug|Any CPU
		{EEDE7668-0F4B-45F6-8B9D-4A78BE738AA3}.Debug|Any CPU.Build.0 = Debug|Any CPU
		{EEDE7668-0F4B-45F6-8B9D-4A78BE738AA3}.Release|Any CPU.ActiveCfg = Release|Any CPU
		{EEDE7668-0F4B-45F6-8B9D-4A78BE738AA3}.Release|Any CPU.Build.0 = Release|Any CPU
		{8CE8B88E-0E6F-407B-81DE-9BC5A03218D7}.Debug|Any CPU.ActiveCfg = Debug|Any CPU
		{8CE8B88E-0E6F-407B-81DE-9BC5A03218D7}.Debug|Any CPU.Build.0 = Debug|Any CPU
		{8CE8B88E-0E6F-407B-81DE-9BC5A03218D7}.Release|Any CPU.ActiveCfg = Release|Any CPU
		{8CE8B88E-0E6F-407B-81DE-9BC5A03218D7}.Release|Any CPU.Build.0 = Release|Any CPU
	EndGlobalSection
	GlobalSection(SolutionProperties) = preSolution
		HideSolutionNode = FALSE
	EndGlobalSection
	GlobalSection(ExtensibilityGlobals) = postSolution
		SolutionGuid = {AF231209-9AD1-4470-A39F-4990DA9A4E13}
	EndGlobalSection
EndGlobal
